// !$*UTF8*$!
{
	archiveVersion = 1;
	classes = {
	};
	objectVersion = 55;
	objects = {

/* Begin PBXBuildFile section */
		BDC6CE492886F70500EE8C1C /* AppDelegate.swift in Sources */ = {isa = PBXBuildFile; fileRef = BDC6CE482886F70500EE8C1C /* AppDelegate.swift */; };
		BDC6CE4B2886F70500EE8C1C /* SceneDelegate.swift in Sources */ = {isa = PBXBuildFile; fileRef = BDC6CE4A2886F70500EE8C1C /* SceneDelegate.swift */; };
		BDC6CE4D2886F70500EE8C1C /* ViewController.swift in Sources */ = {isa = PBXBuildFile; fileRef = BDC6CE4C2886F70500EE8C1C /* ViewController.swift */; };
		BDC6CE502886F70500EE8C1C /* Main.storyboard in Resources */ = {isa = PBXBuildFile; fileRef = BDC6CE4E2886F70500EE8C1C /* Main.storyboard */; };
		BDC6CE532886F70500EE8C1C /* group2Project.xcdatamodeld in Sources */ = {isa = PBXBuildFile; fileRef = BDC6CE512886F70500EE8C1C /* group2Project.xcdatamodeld */; };
		BDC6CE552886F70700EE8C1C /* Assets.xcassets in Resources */ = {isa = PBXBuildFile; fileRef = BDC6CE542886F70700EE8C1C /* Assets.xcassets */; };
		BDC6CE582886F70700EE8C1C /* LaunchScreen.storyboard in Resources */ = {isa = PBXBuildFile; fileRef = BDC6CE562886F70700EE8C1C /* LaunchScreen.storyboard */; };
		BDC6CE632886F70700EE8C1C /* group2ProjectTests.swift in Sources */ = {isa = PBXBuildFile; fileRef = BDC6CE622886F70700EE8C1C /* group2ProjectTests.swift */; };
		BDC6CE6D2886F70700EE8C1C /* group2ProjectUITests.swift in Sources */ = {isa = PBXBuildFile; fileRef = BDC6CE6C2886F70700EE8C1C /* group2ProjectUITests.swift */; };
		BDC6CE6F2886F70700EE8C1C /* group2ProjectUITestsLaunchTests.swift in Sources */ = {isa = PBXBuildFile; fileRef = BDC6CE6E2886F70700EE8C1C /* group2ProjectUITestsLaunchTests.swift */; };
		BDC6CE7C28870CCD00EE8C1C /* ActivityRandomizerViewController.swift in Sources */ = {isa = PBXBuildFile; fileRef = BDC6CE7B28870CCD00EE8C1C /* ActivityRandomizerViewController.swift */; };
/* End PBXBuildFile section */

/* Begin PBXContainerItemProxy section */
		BDC6CE5F2886F70700EE8C1C /* PBXContainerItemProxy */ = {
			isa = PBXContainerItemProxy;
			containerPortal = BDC6CE3D2886F70500EE8C1C /* Project object */;
			proxyType = 1;
			remoteGlobalIDString = BDC6CE442886F70500EE8C1C;
			remoteInfo = group2Project;
		};
		BDC6CE692886F70700EE8C1C /* PBXContainerItemProxy */ = {
			isa = PBXContainerItemProxy;
			containerPortal = BDC6CE3D2886F70500EE8C1C /* Project object */;
			proxyType = 1;
			remoteGlobalIDString = BDC6CE442886F70500EE8C1C;
			remoteInfo = group2Project;
		};
/* End PBXContainerItemProxy section */

/* Begin PBXFileReference section */
		BDC6CE452886F70500EE8C1C /* group2Project.app */ = {isa = PBXFileReference; explicitFileType = wrapper.application; includeInIndex = 0; path = group2Project.app; sourceTree = BUILT_PRODUCTS_DIR; };
		BDC6CE482886F70500EE8C1C /* AppDelegate.swift */ = {isa = PBXFileReference; lastKnownFileType = sourcecode.swift; path = AppDelegate.swift; sourceTree = "<group>"; };
		BDC6CE4A2886F70500EE8C1C /* SceneDelegate.swift */ = {isa = PBXFileReference; lastKnownFileType = sourcecode.swift; path = SceneDelegate.swift; sourceTree = "<group>"; };
		BDC6CE4C2886F70500EE8C1C /* ViewController.swift */ = {isa = PBXFileReference; lastKnownFileType = sourcecode.swift; path = ViewController.swift; sourceTree = "<group>"; };
		BDC6CE4F2886F70500EE8C1C /* Base */ = {isa = PBXFileReference; lastKnownFileType = file.storyboard; name = Base; path = Base.lproj/Main.storyboard; sourceTree = "<group>"; };
		BDC6CE522886F70500EE8C1C /* group2Project.xcdatamodel */ = {isa = PBXFileReference; lastKnownFileType = wrapper.xcdatamodel; path = group2Project.xcdatamodel; sourceTree = "<group>"; };
		BDC6CE542886F70700EE8C1C /* Assets.xcassets */ = {isa = PBXFileReference; lastKnownFileType = folder.assetcatalog; path = Assets.xcassets; sourceTree = "<group>"; };
		BDC6CE572886F70700EE8C1C /* Base */ = {isa = PBXFileReference; lastKnownFileType = file.storyboard; name = Base; path = Base.lproj/LaunchScreen.storyboard; sourceTree = "<group>"; };
		BDC6CE592886F70700EE8C1C /* Info.plist */ = {isa = PBXFileReference; lastKnownFileType = text.plist.xml; path = Info.plist; sourceTree = "<group>"; };
		BDC6CE5E2886F70700EE8C1C /* group2ProjectTests.xctest */ = {isa = PBXFileReference; explicitFileType = wrapper.cfbundle; includeInIndex = 0; path = group2ProjectTests.xctest; sourceTree = BUILT_PRODUCTS_DIR; };
		BDC6CE622886F70700EE8C1C /* group2ProjectTests.swift */ = {isa = PBXFileReference; lastKnownFileType = sourcecode.swift; path = group2ProjectTests.swift; sourceTree = "<group>"; };
		BDC6CE682886F70700EE8C1C /* group2ProjectUITests.xctest */ = {isa = PBXFileReference; explicitFileType = wrapper.cfbundle; includeInIndex = 0; path = group2ProjectUITests.xctest; sourceTree = BUILT_PRODUCTS_DIR; };
		BDC6CE6C2886F70700EE8C1C /* group2ProjectUITests.swift */ = {isa = PBXFileReference; lastKnownFileType = sourcecode.swift; path = group2ProjectUITests.swift; sourceTree = "<group>"; };
		BDC6CE6E2886F70700EE8C1C /* group2ProjectUITestsLaunchTests.swift */ = {isa = PBXFileReference; lastKnownFileType = sourcecode.swift; path = group2ProjectUITestsLaunchTests.swift; sourceTree = "<group>"; };
		BDC6CE7B28870CCD00EE8C1C /* ActivityRandomizerViewController.swift */ = {isa = PBXFileReference; lastKnownFileType = sourcecode.swift; path = ActivityRandomizerViewController.swift; sourceTree = "<group>"; };
/* End PBXFileReference section */

/* Begin PBXFrameworksBuildPhase section */
		BDC6CE422886F70500EE8C1C /* Frameworks */ = {
			isa = PBXFrameworksBuildPhase;
			buildActionMask = 2147483647;
			files = (
			);
			runOnlyForDeploymentPostprocessing = 0;
		};
		BDC6CE5B2886F70700EE8C1C /* Frameworks */ = {
			isa = PBXFrameworksBuildPhase;
			buildActionMask = 2147483647;
			files = (
			);
			runOnlyForDeploymentPostprocessing = 0;
		};
		BDC6CE652886F70700EE8C1C /* Frameworks */ = {
			isa = PBXFrameworksBuildPhase;
			buildActionMask = 2147483647;
			files = (
			);
			runOnlyForDeploymentPostprocessing = 0;
		};
/* End PBXFrameworksBuildPhase section */

/* Begin PBXGroup section */
		BDC6CE3C2886F70500EE8C1C = {
			isa = PBXGroup;
			children = (
				BDC6CE472886F70500EE8C1C /* group2Project */,
				BDC6CE612886F70700EE8C1C /* group2ProjectTests */,
				BDC6CE6B2886F70700EE8C1C /* group2ProjectUITests */,
				BDC6CE462886F70500EE8C1C /* Products */,
			);
			sourceTree = "<group>";
		};
		BDC6CE462886F70500EE8C1C /* Products */ = {
			isa = PBXGroup;
			children = (
				BDC6CE452886F70500EE8C1C /* group2Project.app */,
				BDC6CE5E2886F70700EE8C1C /* group2ProjectTests.xctest */,
				BDC6CE682886F70700EE8C1C /* group2ProjectUITests.xctest */,
			);
			name = Products;
			sourceTree = "<group>";
		};
		BDC6CE472886F70500EE8C1C /* group2Project */ = {
			isa = PBXGroup;
			children = (
				BDC6CE482886F70500EE8C1C /* AppDelegate.swift */,
				BDC6CE4A2886F70500EE8C1C /* SceneDelegate.swift */,
				BDC6CE4C2886F70500EE8C1C /* ViewController.swift */,
				BDC6CE4E2886F70500EE8C1C /* Main.storyboard */,
				BDC6CE7B28870CCD00EE8C1C /* ActivityRandomizerViewController.swift */,
				BDC6CE542886F70700EE8C1C /* Assets.xcassets */,
				BDC6CE562886F70700EE8C1C /* LaunchScreen.storyboard */,
				BDC6CE592886F70700EE8C1C /* Info.plist */,
				BDC6CE512886F70500EE8C1C /* group2Project.xcdatamodeld */,
			);
			path = group2Project;
			sourceTree = "<group>";
		};
		BDC6CE612886F70700EE8C1C /* group2ProjectTests */ = {
			isa = PBXGroup;
			children = (
				BDC6CE622886F70700EE8C1C /* group2ProjectTests.swift */,
			);
			path = group2ProjectTests;
			sourceTree = "<group>";
		};
		BDC6CE6B2886F70700EE8C1C /* group2ProjectUITests */ = {
			isa = PBXGroup;
			children = (
				BDC6CE6C2886F70700EE8C1C /* group2ProjectUITests.swift */,
				BDC6CE6E2886F70700EE8C1C /* group2ProjectUITestsLaunchTests.swift */,
			);
			path = group2ProjectUITests;
			sourceTree = "<group>";
		};
/* End PBXGroup section */

/* Begin PBXNativeTarget section */
		BDC6CE442886F70500EE8C1C /* group2Project */ = {
			isa = PBXNativeTarget;
			buildConfigurationList = BDC6CE722886F70700EE8C1C /* Build configuration list for PBXNativeTarget "group2Project" */;
			buildPhases = (
				BDC6CE412886F70500EE8C1C /* Sources */,
				BDC6CE422886F70500EE8C1C /* Frameworks */,
				BDC6CE432886F70500EE8C1C /* Resources */,
			);
			buildRules = (
			);
			dependencies = (
			);
			name = group2Project;
			productName = group2Project;
			productReference = BDC6CE452886F70500EE8C1C /* group2Project.app */;
			productType = "com.apple.product-type.application";
		};
		BDC6CE5D2886F70700EE8C1C /* group2ProjectTests */ = {
			isa = PBXNativeTarget;
			buildConfigurationList = BDC6CE752886F70700EE8C1C /* Build configuration list for PBXNativeTarget "group2ProjectTests" */;
			buildPhases = (
				BDC6CE5A2886F70700EE8C1C /* Sources */,
				BDC6CE5B2886F70700EE8C1C /* Frameworks */,
				BDC6CE5C2886F70700EE8C1C /* Resources */,
			);
			buildRules = (
			);
			dependencies = (
				BDC6CE602886F70700EE8C1C /* PBXTargetDependency */,
			);
			name = group2ProjectTests;
			productName = group2ProjectTests;
			productReference = BDC6CE5E2886F70700EE8C1C /* group2ProjectTests.xctest */;
			productType = "com.apple.product-type.bundle.unit-test";
		};
		BDC6CE672886F70700EE8C1C /* group2ProjectUITests */ = {
			isa = PBXNativeTarget;
			buildConfigurationList = BDC6CE782886F70700EE8C1C /* Build configuration list for PBXNativeTarget "group2ProjectUITests" */;
			buildPhases = (
				BDC6CE642886F70700EE8C1C /* Sources */,
				BDC6CE652886F70700EE8C1C /* Frameworks */,
				BDC6CE662886F70700EE8C1C /* Resources */,
			);
			buildRules = (
			);
			dependencies = (
				BDC6CE6A2886F70700EE8C1C /* PBXTargetDependency */,
			);
			name = group2ProjectUITests;
			productName = group2ProjectUITests;
			productReference = BDC6CE682886F70700EE8C1C /* group2ProjectUITests.xctest */;
			productType = "com.apple.product-type.bundle.ui-testing";
		};
/* End PBXNativeTarget section */

/* Begin PBXProject section */
		BDC6CE3D2886F70500EE8C1C /* Project object */ = {
			isa = PBXProject;
			attributes = {
				BuildIndependentTargetsInParallel = 1;
				LastSwiftUpdateCheck = 1340;
				LastUpgradeCheck = 1340;
				TargetAttributes = {
					BDC6CE442886F70500EE8C1C = {
						CreatedOnToolsVersion = 13.4.1;
					};
					BDC6CE5D2886F70700EE8C1C = {
						CreatedOnToolsVersion = 13.4.1;
						TestTargetID = BDC6CE442886F70500EE8C1C;
					};
					BDC6CE672886F70700EE8C1C = {
						CreatedOnToolsVersion = 13.4.1;
						TestTargetID = BDC6CE442886F70500EE8C1C;
					};
				};
			};
			buildConfigurationList = BDC6CE402886F70500EE8C1C /* Build configuration list for PBXProject "group2Project" */;
			compatibilityVersion = "Xcode 13.0";
			developmentRegion = en;
			hasScannedForEncodings = 0;
			knownRegions = (
				en,
				Base,
			);
			mainGroup = BDC6CE3C2886F70500EE8C1C;
			productRefGroup = BDC6CE462886F70500EE8C1C /* Products */;
			projectDirPath = "";
			projectRoot = "";
			targets = (
				BDC6CE442886F70500EE8C1C /* group2Project */,
				BDC6CE5D2886F70700EE8C1C /* group2ProjectTests */,
				BDC6CE672886F70700EE8C1C /* group2ProjectUITests */,
			);
		};
/* End PBXProject section */

/* Begin PBXResourcesBuildPhase section */
		BDC6CE432886F70500EE8C1C /* Resources */ = {
			isa = PBXResourcesBuildPhase;
			buildActionMask = 2147483647;
			files = (
				BDC6CE582886F70700EE8C1C /* LaunchScreen.storyboard in Resources */,
				BDC6CE552886F70700EE8C1C /* Assets.xcassets in Resources */,
				BDC6CE502886F70500EE8C1C /* Main.storyboard in Resources */,
			);
			runOnlyForDeploymentPostprocessing = 0;
		};
		BDC6CE5C2886F70700EE8C1C /* Resources */ = {
			isa = PBXResourcesBuildPhase;
			buildActionMask = 2147483647;
			files = (
			);
			runOnlyForDeploymentPostprocessing = 0;
		};
		BDC6CE662886F70700EE8C1C /* Resources */ = {
			isa = PBXResourcesBuildPhase;
			buildActionMask = 2147483647;
			files = (
			);
			runOnlyForDeploymentPostprocessing = 0;
		};
/* End PBXResourcesBuildPhase section */

/* Begin PBXSourcesBuildPhase section */
		BDC6CE412886F70500EE8C1C /* Sources */ = {
			isa = PBXSourcesBuildPhase;
			buildActionMask = 2147483647;
			files = (
				BDC6CE7C28870CCD00EE8C1C /* ActivityRandomizerViewController.swift in Sources */,
				BDC6CE532886F70500EE8C1C /* group2Project.xcdatamodeld in Sources */,
				BDC6CE4D2886F70500EE8C1C /* ViewController.swift in Sources */,
				BDC6CE492886F70500EE8C1C /* AppDelegate.swift in Sources */,
				BDC6CE4B2886F70500EE8C1C /* SceneDelegate.swift in Sources */,
			);
			runOnlyForDeploymentPostprocessing = 0;
		};
		BDC6CE5A2886F70700EE8C1C /* Sources */ = {
			isa = PBXSourcesBuildPhase;
			buildActionMask = 2147483647;
			files = (
				BDC6CE632886F70700EE8C1C /* group2ProjectTests.swift in Sources */,
			);
			runOnlyForDeploymentPostprocessing = 0;
		};
		BDC6CE642886F70700EE8C1C /* Sources */ = {
			isa = PBXSourcesBuildPhase;
			buildActionMask = 2147483647;
			files = (
				BDC6CE6D2886F70700EE8C1C /* group2ProjectUITests.swift in Sources */,
				BDC6CE6F2886F70700EE8C1C /* group2ProjectUITestsLaunchTests.swift in Sources */,
			);
			runOnlyForDeploymentPostprocessing = 0;
		};
/* End PBXSourcesBuildPhase section */

/* Begin PBXTargetDependency section */
		BDC6CE602886F70700EE8C1C /* PBXTargetDependency */ = {
			isa = PBXTargetDependency;
			target = BDC6CE442886F70500EE8C1C /* group2Project */;
			targetProxy = BDC6CE5F2886F70700EE8C1C /* PBXContainerItemProxy */;
		};
		BDC6CE6A2886F70700EE8C1C /* PBXTargetDependency */ = {
			isa = PBXTargetDependency;
			target = BDC6CE442886F70500EE8C1C /* group2Project */;
			targetProxy = BDC6CE692886F70700EE8C1C /* PBXContainerItemProxy */;
		};
/* End PBXTargetDependency section */

/* Begin PBXVariantGroup section */
		BDC6CE4E2886F70500EE8C1C /* Main.storyboard */ = {
			isa = PBXVariantGroup;
			children = (
				BDC6CE4F2886F70500EE8C1C /* Base */,
			);
			name = Main.storyboard;
			sourceTree = "<group>";
		};
		BDC6CE562886F70700EE8C1C /* LaunchScreen.storyboard */ = {
			isa = PBXVariantGroup;
			children = (
				BDC6CE572886F70700EE8C1C /* Base */,
			);
			name = LaunchScreen.storyboard;
			sourceTree = "<group>";
		};
/* End PBXVariantGroup section */

/* Begin XCBuildConfiguration section */
		BDC6CE702886F70700EE8C1C /* Debug */ = {
			isa = XCBuildConfiguration;
			buildSettings = {
				ALWAYS_SEARCH_USER_PATHS = NO;
				CLANG_ANALYZER_NONNULL = YES;
				CLANG_ANALYZER_NUMBER_OBJECT_CONVERSION = YES_AGGRESSIVE;
				CLANG_CXX_LANGUAGE_STANDARD = "gnu++17";
				CLANG_ENABLE_MODULES = YES;
				CLANG_ENABLE_OBJC_ARC = YES;
				CLANG_ENABLE_OBJC_WEAK = YES;
				CLANG_WARN_BLOCK_CAPTURE_AUTORELEASING = YES;
				CLANG_WARN_BOOL_CONVERSION = YES;
				CLANG_WARN_COMMA = YES;
				CLANG_WARN_CONSTANT_CONVERSION = YES;
				CLANG_WARN_DEPRECATED_OBJC_IMPLEMENTATIONS = YES;
				CLANG_WARN_DIRECT_OBJC_ISA_USAGE = YES_ERROR;
				CLANG_WARN_DOCUMENTATION_COMMENTS = YES;
				CLANG_WARN_EMPTY_BODY = YES;
				CLANG_WARN_ENUM_CONVERSION = YES;
				CLANG_WARN_INFINITE_RECURSION = YES;
				CLANG_WARN_INT_CONVERSION = YES;
				CLANG_WARN_NON_LITERAL_NULL_CONVERSION = YES;
				CLANG_WARN_OBJC_IMPLICIT_RETAIN_SELF = YES;
				CLANG_WARN_OBJC_LITERAL_CONVERSION = YES;
				CLANG_WARN_OBJC_ROOT_CLASS = YES_ERROR;
				CLANG_WARN_QUOTED_INCLUDE_IN_FRAMEWORK_HEADER = YES;
				CLANG_WARN_RANGE_LOOP_ANALYSIS = YES;
				CLANG_WARN_STRICT_PROTOTYPES = YES;
				CLANG_WARN_SUSPICIOUS_MOVE = YES;
				CLANG_WARN_UNGUARDED_AVAILABILITY = YES_AGGRESSIVE;
				CLANG_WARN_UNREACHABLE_CODE = YES;
				CLANG_WARN__DUPLICATE_METHOD_MATCH = YES;
				COPY_PHASE_STRIP = NO;
				DEBUG_INFORMATION_FORMAT = dwarf;
				ENABLE_STRICT_OBJC_MSGSEND = YES;
				ENABLE_TESTABILITY = YES;
				GCC_C_LANGUAGE_STANDARD = gnu11;
				GCC_DYNAMIC_NO_PIC = NO;
				GCC_NO_COMMON_BLOCKS = YES;
				GCC_OPTIMIZATION_LEVEL = 0;
				GCC_PREPROCESSOR_DEFINITIONS = (
					"DEBUG=1",
					"$(inherited)",
				);
				GCC_WARN_64_TO_32_BIT_CONVERSION = YES;
				GCC_WARN_ABOUT_RETURN_TYPE = YES_ERROR;
				GCC_WARN_UNDECLARED_SELECTOR = YES;
				GCC_WARN_UNINITIALIZED_AUTOS = YES_AGGRESSIVE;
				GCC_WARN_UNUSED_FUNCTION = YES;
				GCC_WARN_UNUSED_VARIABLE = YES;
				IPHONEOS_DEPLOYMENT_TARGET = 15.5;
				MTL_ENABLE_DEBUG_INFO = INCLUDE_SOURCE;
				MTL_FAST_MATH = YES;
				ONLY_ACTIVE_ARCH = YES;
				SDKROOT = iphoneos;
				SWIFT_ACTIVE_COMPILATION_CONDITIONS = DEBUG;
				SWIFT_OPTIMIZATION_LEVEL = "-Onone";
			};
			name = Debug;
		};
		BDC6CE712886F70700EE8C1C /* Release */ = {
			isa = XCBuildConfiguration;
			buildSettings = {
				ALWAYS_SEARCH_USER_PATHS = NO;
				CLANG_ANALYZER_NONNULL = YES;
				CLANG_ANALYZER_NUMBER_OBJECT_CONVERSION = YES_AGGRESSIVE;
				CLANG_CXX_LANGUAGE_STANDARD = "gnu++17";
				CLANG_ENABLE_MODULES = YES;
				CLANG_ENABLE_OBJC_ARC = YES;
				CLANG_ENABLE_OBJC_WEAK = YES;
				CLANG_WARN_BLOCK_CAPTURE_AUTORELEASING = YES;
				CLANG_WARN_BOOL_CONVERSION = YES;
				CLANG_WARN_COMMA = YES;
				CLANG_WARN_CONSTANT_CONVERSION = YES;
				CLANG_WARN_DEPRECATED_OBJC_IMPLEMENTATIONS = YES;
				CLANG_WARN_DIRECT_OBJC_ISA_USAGE = YES_ERROR;
				CLANG_WARN_DOCUMENTATION_COMMENTS = YES;
				CLANG_WARN_EMPTY_BODY = YES;
				CLANG_WARN_ENUM_CONVERSION = YES;
				CLANG_WARN_INFINITE_RECURSION = YES;
				CLANG_WARN_INT_CONVERSION = YES;
				CLANG_WARN_NON_LITERAL_NULL_CONVERSION = YES;
				CLANG_WARN_OBJC_IMPLICIT_RETAIN_SELF = YES;
				CLANG_WARN_OBJC_LITERAL_CONVERSION = YES;
				CLANG_WARN_OBJC_ROOT_CLASS = YES_ERROR;
				CLANG_WARN_QUOTED_INCLUDE_IN_FRAMEWORK_HEADER = YES;
				CLANG_WARN_RANGE_LOOP_ANALYSIS = YES;
				CLANG_WARN_STRICT_PROTOTYPES = YES;
				CLANG_WARN_SUSPICIOUS_MOVE = YES;
				CLANG_WARN_UNGUARDED_AVAILABILITY = YES_AGGRESSIVE;
				CLANG_WARN_UNREACHABLE_CODE = YES;
				CLANG_WARN__DUPLICATE_METHOD_MATCH = YES;
				COPY_PHASE_STRIP = NO;
				DEBUG_INFORMATION_FORMAT = "dwarf-with-dsym";
				ENABLE_NS_ASSERTIONS = NO;
				ENABLE_STRICT_OBJC_MSGSEND = YES;
				GCC_C_LANGUAGE_STANDARD = gnu11;
				GCC_NO_COMMON_BLOCKS = YES;
				GCC_WARN_64_TO_32_BIT_CONVERSION = YES;
				GCC_WARN_ABOUT_RETURN_TYPE = YES_ERROR;
				GCC_WARN_UNDECLARED_SELECTOR = YES;
				GCC_WARN_UNINITIALIZED_AUTOS = YES_AGGRESSIVE;
				GCC_WARN_UNUSED_FUNCTION = YES;
				GCC_WARN_UNUSED_VARIABLE = YES;
				IPHONEOS_DEPLOYMENT_TARGET = 15.5;
				MTL_ENABLE_DEBUG_INFO = NO;
				MTL_FAST_MATH = YES;
				SDKROOT = iphoneos;
				SWIFT_COMPILATION_MODE = wholemodule;
				SWIFT_OPTIMIZATION_LEVEL = "-O";
				VALIDATE_PRODUCT = YES;
			};
			name = Release;
		};
		BDC6CE732886F70700EE8C1C /* Debug */ = {
			isa = XCBuildConfiguration;
			buildSettings = {
				ASSETCATALOG_COMPILER_APPICON_NAME = AppIcon;
				ASSETCATALOG_COMPILER_GLOBAL_ACCENT_COLOR_NAME = AccentColor;
				CODE_SIGN_STYLE = Automatic;
				CURRENT_PROJECT_VERSION = 1;
				DEVELOPMENT_TEAM = 4NJ58W32V7;
				GENERATE_INFOPLIST_FILE = YES;
				INFOPLIST_FILE = group2Project/Info.plist;
				INFOPLIST_KEY_UIApplicationSupportsIndirectInputEvents = YES;
				INFOPLIST_KEY_UILaunchStoryboardName = LaunchScreen;
				INFOPLIST_KEY_UIMainStoryboardFile = Main;
				INFOPLIST_KEY_UISupportedInterfaceOrientations_iPad = "UIInterfaceOrientationPortrait UIInterfaceOrientationPortraitUpsideDown UIInterfaceOrientationLandscapeLeft UIInterfaceOrientationLandscapeRight";
				INFOPLIST_KEY_UISupportedInterfaceOrientations_iPhone = "UIInterfaceOrientationPortrait UIInterfaceOrientationLandscapeLeft UIInterfaceOrientationLandscapeRight";
				LD_RUNPATH_SEARCH_PATHS = (
					"$(inherited)",
					"@executable_path/Frameworks",
				);
				MARKETING_VERSION = 1.0;
				PRODUCT_BUNDLE_IDENTIFIER = valentina.group2Project;
				PRODUCT_NAME = "$(TARGET_NAME)";
				SWIFT_EMIT_LOC_STRINGS = YES;
				SWIFT_VERSION = 5.0;
				TARGETED_DEVICE_FAMILY = "1,2";
			};
			name = Debug;
		};
		BDC6CE742886F70700EE8C1C /* Release */ = {
			isa = XCBuildConfiguration;
			buildSettings = {
				ASSETCATALOG_COMPILER_APPICON_NAME = AppIcon;
				ASSETCATALOG_COMPILER_GLOBAL_ACCENT_COLOR_NAME = AccentColor;
				CODE_SIGN_STYLE = Automatic;
				CURRENT_PROJECT_VERSION = 1;
				DEVELOPMENT_TEAM = 4NJ58W32V7;
				GENERATE_INFOPLIST_FILE = YES;
				INFOPLIST_FILE = group2Project/Info.plist;
				INFOPLIST_KEY_UIApplicationSupportsIndirectInputEvents = YES;
				INFOPLIST_KEY_UILaunchStoryboardName = LaunchScreen;
				INFOPLIST_KEY_UIMainStoryboardFile = Main;
				INFOPLIST_KEY_UISupportedInterfaceOrientations_iPad = "UIInterfaceOrientationPortrait UIInterfaceOrientationPortraitUpsideDown UIInterfaceOrientationLandscapeLeft UIInterfaceOrientationLandscapeRight";
				INFOPLIST_KEY_UISupportedInterfaceOrientations_iPhone = "UIInterfaceOrientationPortrait UIInterfaceOrientationLandscapeLeft UIInterfaceOrientationLandscapeRight";
				LD_RUNPATH_SEARCH_PATHS = (
					"$(inherited)",
					"@executable_path/Frameworks",
				);
				MARKETING_VERSION = 1.0;
				PRODUCT_BUNDLE_IDENTIFIER = valentina.group2Project;
				PRODUCT_NAME = "$(TARGET_NAME)";
				SWIFT_EMIT_LOC_STRINGS = YES;
				SWIFT_VERSION = 5.0;
				TARGETED_DEVICE_FAMILY = "1,2";
			};
			name = Release;
		};
		BDC6CE762886F70700EE8C1C /* Debug */ = {
			isa = XCBuildConfiguration;
			buildSettings = {
				ALWAYS_EMBED_SWIFT_STANDARD_LIBRARIES = YES;
				BUNDLE_LOADER = "$(TEST_HOST)";
				CODE_SIGN_STYLE = Automatic;
				CURRENT_PROJECT_VERSION = 1;
				DEVELOPMENT_TEAM = 4NJ58W32V7;
				GENERATE_INFOPLIST_FILE = YES;
				IPHONEOS_DEPLOYMENT_TARGET = 15.5;
				MARKETING_VERSION = 1.0;
				PRODUCT_BUNDLE_IDENTIFIER = valentina.group2ProjectTests;
				PRODUCT_NAME = "$(TARGET_NAME)";
				SWIFT_EMIT_LOC_STRINGS = NO;
				SWIFT_VERSION = 5.0;
				TARGETED_DEVICE_FAMILY = "1,2";
				TEST_HOST = "$(BUILT_PRODUCTS_DIR)/group2Project.app/group2Project";
			};
			name = Debug;
		};
		BDC6CE772886F70700EE8C1C /* Release */ = {
			isa = XCBuildConfiguration;
			buildSettings = {
				ALWAYS_EMBED_SWIFT_STANDARD_LIBRARIES = YES;
				BUNDLE_LOADER = "$(TEST_HOST)";
				CODE_SIGN_STYLE = Automatic;
				CURRENT_PROJECT_VERSION = 1;
				DEVELOPMENT_TEAM = 4NJ58W32V7;
				GENERATE_INFOPLIST_FILE = YES;
				IPHONEOS_DEPLOYMENT_TARGET = 15.5;
				MARKETING_VERSION = 1.0;
				PRODUCT_BUNDLE_IDENTIFIER = valentina.group2ProjectTests;
				PRODUCT_NAME = "$(TARGET_NAME)";
				SWIFT_EMIT_LOC_STRINGS = NO;
				SWIFT_VERSION = 5.0;
				TARGETED_DEVICE_FAMILY = "1,2";
				TEST_HOST = "$(BUILT_PRODUCTS_DIR)/group2Project.app/group2Project";
			};
			name = Release;
		};
		BDC6CE792886F70700EE8C1C /* Debug */ = {
			isa = XCBuildConfiguration;
			buildSettings = {
				ALWAYS_EMBED_SWIFT_STANDARD_LIBRARIES = YES;
				CODE_SIGN_STYLE = Automatic;
				CURRENT_PROJECT_VERSION = 1;
				DEVELOPMENT_TEAM = 4NJ58W32V7;
				GENERATE_INFOPLIST_FILE = YES;
				MARKETING_VERSION = 1.0;
				PRODUCT_BUNDLE_IDENTIFIER = valentina.group2ProjectUITests;
				PRODUCT_NAME = "$(TARGET_NAME)";
				SWIFT_EMIT_LOC_STRINGS = NO;
				SWIFT_VERSION = 5.0;
				TARGETED_DEVICE_FAMILY = "1,2";
				TEST_TARGET_NAME = group2Project;
			};
			name = Debug;
		};
		BDC6CE7A2886F70700EE8C1C /* Release */ = {
			isa = XCBuildConfiguration;
			buildSettings = {
				ALWAYS_EMBED_SWIFT_STANDARD_LIBRARIES = YES;
				CODE_SIGN_STYLE = Automatic;
				CURRENT_PROJECT_VERSION = 1;
				DEVELOPMENT_TEAM = 4NJ58W32V7;
				GENERATE_INFOPLIST_FILE = YES;
				MARKETING_VERSION = 1.0;
				PRODUCT_BUNDLE_IDENTIFIER = valentina.group2ProjectUITests;
				PRODUCT_NAME = "$(TARGET_NAME)";
				SWIFT_EMIT_LOC_STRINGS = NO;
				SWIFT_VERSION = 5.0;
				TARGETED_DEVICE_FAMILY = "1,2";
				TEST_TARGET_NAME = group2Project;
			};
			name = Release;
		};
/* End XCBuildConfiguration section */

/* Begin XCConfigurationList section */
		BDC6CE402886F70500EE8C1C /* Build configuration list for PBXProject "group2Project" */ = {
			isa = XCConfigurationList;
			buildConfigurations = (
				BDC6CE702886F70700EE8C1C /* Debug */,
				BDC6CE712886F70700EE8C1C /* Release */,
			);
			defaultConfigurationIsVisible = 0;
			defaultConfigurationName = Release;
		};
		BDC6CE722886F70700EE8C1C /* Build configuration list for PBXNativeTarget "group2Project" */ = {
			isa = XCConfigurationList;
			buildConfigurations = (
				BDC6CE732886F70700EE8C1C /* Debug */,
				BDC6CE742886F70700EE8C1C /* Release */,
			);
			defaultConfigurationIsVisible = 0;
			defaultConfigurationName = Release;
		};
		BDC6CE752886F70700EE8C1C /* Build configuration list for PBXNativeTarget "group2ProjectTests" */ = {
			isa = XCConfigurationList;
			buildConfigurations = (
				BDC6CE762886F70700EE8C1C /* Debug */,
				BDC6CE772886F70700EE8C1C /* Release */,
			);
			defaultConfigurationIsVisible = 0;
			defaultConfigurationName = Release;
		};
		BDC6CE782886F70700EE8C1C /* Build configuration list for PBXNativeTarget "group2ProjectUITests" */ = {
			isa = XCConfigurationList;
			buildConfigurations = (
				BDC6CE792886F70700EE8C1C /* Debug */,
				BDC6CE7A2886F70700EE8C1C /* Release */,
			);
			defaultConfigurationIsVisible = 0;
			defaultConfigurationName = Release;
		};
/* End XCConfigurationList section */

/* Begin XCVersionGroup section */
		BDC6CE512886F70500EE8C1C /* group2Project.xcdatamodeld */ = {
			isa = XCVersionGroup;
			children = (
				BDC6CE522886F70500EE8C1C /* group2Project.xcdatamodel */,
			);
			currentVersion = BDC6CE522886F70500EE8C1C /* group2Project.xcdatamodel */;
			path = group2Project.xcdatamodeld;
			sourceTree = "<group>";
			versionGroupType = wrapper.xcdatamodel;
		};
/* End XCVersionGroup section */
	};
	rootObject = BDC6CE3D2886F70500EE8C1C /* Project object */;
}
